# This file is generated by running "yarn install" inside your project.
# Manual changes might be lost - proceed with caution!

__metadata:
  version: 6
  cacheKey: 8

"@pkgr/utils@npm:^2.0.3":
  version: 2.1.0
  resolution: "@pkgr/utils@npm:2.1.0"
  dependencies:
    cross-spawn: ^7.0.3
    is-glob: ^4.0.3
    open: ^8.4.0
    picocolors: ^1.0.0
    tiny-glob: ^0.2.9
    tslib: ^2.3.1
  checksum: a2582da722b478384b48e86a40b2964b4ece0ceda99b34e6b77f347d1e44f7da08b38288b895a33f43dff12ec10a1e680ed50490e97418ddc708992c4fa818f0
  languageName: node
  linkType: hard

"cross-spawn@npm:^7.0.3":
  version: 7.0.3
  resolution: "cross-spawn@npm:7.0.3"
  dependencies:
    path-key: ^3.1.0
    shebang-command: ^2.0.0
    which: ^2.0.1
  checksum: 671cc7c7288c3a8406f3c69a3ae2fc85555c04169e9d611def9a675635472614f1c0ed0ef80955d5b6d4e724f6ced67f0ad1bb006c2ea643488fcfef994d7f52
  languageName: node
  linkType: hard

"define-lazy-prop@npm:^2.0.0":
  version: 2.0.0
  resolution: "define-lazy-prop@npm:2.0.0"
  checksum: 0115fdb065e0490918ba271d7339c42453d209d4cb619dfe635870d906731eff3e1ade8028bb461ea27ce8264ec5e22c6980612d332895977e89c1bbc80fcee2
  languageName: node
  linkType: hard

"globalyzer@npm:0.1.0":
  version: 0.1.0
  resolution: "globalyzer@npm:0.1.0"
  checksum: 419a0f95ba542534fac0842964d31b3dc2936a479b2b1a8a62bad7e8b61054faa9b0a06ad9f2e12593396b9b2621cac93358d9b3071d33723fb1778608d358a1
  languageName: node
  linkType: hard

"globrex@npm:^0.1.2":
  version: 0.1.2
  resolution: "globrex@npm:0.1.2"
  checksum: adca162494a176ce9ecf4dd232f7b802956bb1966b37f60c15e49d2e7d961b66c60826366dc2649093cad5a0d69970cfa8875bd1695b5a1a2f33dcd2aa88da3c
  languageName: node
  linkType: hard

"is-docker@npm:^2.0.0, is-docker@npm:^2.1.1":
  version: 2.2.1
  resolution: "is-docker@npm:2.2.1"
  bin:
    is-docker: cli.js
  checksum: 3fef7ddbf0be25958e8991ad941901bf5922ab2753c46980b60b05c1bf9c9c2402d35e6dc32e4380b980ef5e1970a5d9d5e5aa2e02d77727c3b6b5e918474c56
  languageName: node
  linkType: hard

"is-extglob@npm:^2.1.1":
  version: 2.1.1
  resolution: "is-extglob@npm:2.1.1"
  checksum: df033653d06d0eb567461e58a7a8c9f940bd8c22274b94bf7671ab36df5719791aae15eef6d83bbb5e23283967f2f984b8914559d4449efda578c775c4be6f85
  languageName: node
  linkType: hard

"is-glob@npm:^4.0.3":
  version: 4.0.3
  resolution: "is-glob@npm:4.0.3"
  dependencies:
    is-extglob: ^2.1.1
  checksum: d381c1319fcb69d341cc6e6c7cd588e17cd94722d9a32dbd60660b993c4fb7d0f19438674e68dfec686d09b7c73139c9166b47597f846af387450224a8101ab4
  languageName: node
  linkType: hard

"is-wsl@npm:^2.2.0":
  version: 2.2.0
  resolution: "is-wsl@npm:2.2.0"
  dependencies:
    is-docker: ^2.0.0
  checksum: 20849846ae414997d290b75e16868e5261e86ff5047f104027026fd61d8b5a9b0b3ade16239f35e1a067b3c7cc02f70183cb661010ed16f4b6c7c93dad1b19d8
  languageName: node
  linkType: hard

"isexe@npm:^2.0.0":
  version: 2.0.0
  resolution: "isexe@npm:2.0.0"
  checksum: 26bf6c5480dda5161c820c5b5c751ae1e766c587b1f951ea3fcfc973bafb7831ae5b54a31a69bd670220e42e99ec154475025a468eae58ea262f813fdc8d1c62
  languageName: node
  linkType: hard

"nanoid@npm:^3.3.2":
  version: 3.3.4
  resolution: "nanoid@npm:3.3.4"
  bin:
    nanoid: bin/nanoid.cjs
  checksum: 2fddd6dee994b7676f008d3ffa4ab16035a754f4bb586c61df5a22cf8c8c94017aadd360368f47d653829e0569a92b129979152ff97af23a558331e47e37cd9c
  languageName: node
  linkType: hard

"open@npm:^8.4.0":
  version: 8.4.0
  resolution: "open@npm:8.4.0"
  dependencies:
    define-lazy-prop: ^2.0.0
    is-docker: ^2.1.1
    is-wsl: ^2.2.0
  checksum: e9545bec64cdbf30a0c35c1bdc310344adf8428a117f7d8df3c0af0a0a24c513b304916a6d9b11db0190ff7225c2d578885080b761ed46a3d5f6f1eebb98b63c
  languageName: node
  linkType: hard

"path-key@npm:^3.1.0":
  version: 3.1.1
  resolution: "path-key@npm:3.1.1"
  checksum: 55cd7a9dd4b343412a8386a743f9c746ef196e57c823d90ca3ab917f90ab9f13dd0ded27252ba49dbdfcab2b091d998bc446f6220cd3cea65db407502a740020
  languageName: node
  linkType: hard

"picocolors@npm:^1.0.0":
  version: 1.0.0
  resolution: "picocolors@npm:1.0.0"
  checksum: a2e8092dd86c8396bdba9f2b5481032848525b3dc295ce9b57896f931e63fc16f79805144321f72976383fc249584672a75cc18d6777c6b757603f372f745981
  languageName: node
  linkType: hard

"prettier-plugin-sh@npm:^0.10.1":
  version: 0.10.1
  resolution: "prettier-plugin-sh@npm:0.10.1"
  dependencies:
    sh-syntax: ^0.1.4
    synckit: ^0.7.0
  peerDependencies:
    prettier: ^2.0.0
  checksum: b74ac472ab2652c3dd550ce2dba7d1900252398ae3ec30865fe9d3e35f67eb61453d3c26d876f7d4e5c7c1c81f12dc982039da9b7de1b71ccfb32a24a90e5c66
  languageName: node
  linkType: hard

"prettier-repro@workspace:.":
  version: 0.0.0-use.local
  resolution: "prettier-repro@workspace:."
  dependencies:
    prettier: ^2.6.2
    prettier-plugin-sh: ^0.10.1
  languageName: unknown
  linkType: soft

"prettier@npm:^2.6.2":
  version: 2.6.2
  resolution: "prettier@npm:2.6.2"
  bin:
    prettier: bin-prettier.js
  checksum: 48d08dde8e9fb1f5bccdd205baa7f192e9fc8bc98f86e1b97d919de804e28c806b0e6cc685e4a88211aa7987fa9668f30baae19580d87ced3ed0f2ec6572106f
  languageName: node
  linkType: hard

"sh-syntax@npm:^0.1.4":
  version: 0.1.4
  resolution: "sh-syntax@npm:0.1.4"
  dependencies:
    nanoid: ^3.3.2
    tslib: ^2.3.1
  checksum: a20cec48dfe6ceb27a51e939a4c84ff6950ad8bfc6eeca18f7ed34d73932b65e8e2a4f0c8cd87424f8964a8569ec76571535d8f14905b9acd6fd3c7ac6c6a5ea
  languageName: node
  linkType: hard

"shebang-command@npm:^2.0.0":
  version: 2.0.0
  resolution: "shebang-command@npm:2.0.0"
  dependencies:
    shebang-regex: ^3.0.0
  checksum: 6b52fe87271c12968f6a054e60f6bde5f0f3d2db483a1e5c3e12d657c488a15474121a1d55cd958f6df026a54374ec38a4a963988c213b7570e1d51575cea7fa
  languageName: node
  linkType: hard

"shebang-regex@npm:^3.0.0":
  version: 3.0.0
  resolution: "shebang-regex@npm:3.0.0"
  checksum: 1a2bcae50de99034fcd92ad4212d8e01eedf52c7ec7830eedcf886622804fe36884278f2be8be0ea5fde3fd1c23911643a4e0f726c8685b61871c8908af01222
  languageName: node
  linkType: hard

"synckit@npm:^0.7.0":
  version: 0.7.0
  resolution: "synckit@npm:0.7.0"
  dependencies:
    "@pkgr/utils": ^2.0.3
    tslib: ^2.3.1
  checksum: a175fc4d27edf3e881b8a86f7c3e391c85dc1c6e7de9e5ce2d448c15e3ee2d1e852b20d61eef8ed0ea6bffb1276047f8653b97ffe722a6656d8b7e33a1ce7526
  languageName: node
  linkType: hard

"tiny-glob@npm:^0.2.9":
  version: 0.2.9
  resolution: "tiny-glob@npm:0.2.9"
  dependencies:
    globalyzer: 0.1.0
    globrex: ^0.1.2
  checksum: aea5801eb6663ddf77ebb74900b8f8bd9dfcfc9b6a1cc8018cb7421590c00bf446109ff45e4b64a98e6c95ddb1255a337a5d488fb6311930e2a95334151ec9c6
  languageName: node
  linkType: hard

"tslib@npm:^2.3.1":
  version: 2.4.0
  resolution: "tslib@npm:2.4.0"
  checksum: 8c4aa6a3c5a754bf76aefc38026134180c053b7bd2f81338cb5e5ebf96fefa0f417bff221592bf801077f5bf990562f6264fecbc42cd3309b33872cb6fc3b113
  languageName: node
  linkType: hard

"which@npm:^2.0.1":
  version: 2.0.2
  resolution: "which@npm:2.0.2"
  dependencies:
    isexe: ^2.0.0
  bin:
    node-which: ./bin/node-which
  checksum: 1a5c563d3c1b52d5f893c8b61afe11abc3bab4afac492e8da5bde69d550de701cf9806235f20a47b5c8fa8a1d6a9135841de2596535e998027a54589000e66d1
  languageName: node
  linkType: hard
